<?xml version="1.0" encoding="utf-8"?>
<Project ToolsVersion="4.0" xmlns="http://schemas.microsoft.com/developer/msbuild/2003">
  <ItemGroup>
    <Filter Include="Source Files">
      <UniqueIdentifier>{06f05fb1-6dd7-41b7-841b-859648b8f536}</UniqueIdentifier>
      <Extensions>cpp;c;cxx;rc;def;r;odl;idl;hpj;bat</Extensions>
    </Filter>
    <Filter Include="Header Files">
      <UniqueIdentifier>{5ff25f73-9aa3-468b-80ad-d126e0914dd3}</UniqueIdentifier>
      <Extensions>h;hpp;hxx;hm;inl</Extensions>
    </Filter>
    <Filter Include="Resource Files">
      <UniqueIdentifier>{4548dd29-c208-4728-bea3-3b22ff29c5a4}</UniqueIdentifier>
      <Extensions>ico;cur;bmp;dlg;rc2;rct;bin;rgs;gif;jpg;jpeg;jpe</Extensions>
    </Filter>
    <Filter Include="NES">
      <UniqueIdentifier>{4e488e77-1dd2-4fe1-8e92-371b9be8c3de}</UniqueIdentifier>
    </Filter>
    <Filter Include="NES\Mapper">
      <UniqueIdentifier>{3b7e7c73-1856-46bb-8eb0-5564b7613ad4}</UniqueIdentifier>
    </Filter>
    <Filter Include="NES\ApuEx">
      <UniqueIdentifier>{a0dc664f-f9a1-4c30-a1fe-77fd438ce430}</UniqueIdentifier>
    </Filter>
    <Filter Include="NES\PadEx">
      <UniqueIdentifier>{ca733429-3e9e-4abd-887f-83bd2a3831fa}</UniqueIdentifier>
    </Filter>
  </ItemGroup>
  <ItemGroup>
    <ClCompile Include="AboutDlg.cpp">
      <Filter>Source Files</Filter>
    </ClCompile>
    <ClCompile Include="App.cpp">
      <Filter>Source Files</Filter>
    </ClCompile>
    <ClCompile Include="CheatDlg.cpp">
      <Filter>Source Files</Filter>
    </ClCompile>
    <ClCompile Include="Com.cpp">
      <Filter>Source Files</Filter>
    </ClCompile>
    <ClCompile Include="Config.cpp">
      <Filter>Source Files</Filter>
    </ClCompile>
    <ClCompile Include="ControllerDlg.cpp">
      <Filter>Source Files</Filter>
    </ClCompile>
    <ClCompile Include="Crclib.cpp">
      <Filter>Source Files</Filter>
    </ClCompile>
    <ClCompile Include="DebugOut.cpp">
      <Filter>Source Files</Filter>
    </ClCompile>
    <ClCompile Include="DirectDraw.cpp">
      <Filter>Source Files</Filter>
    </ClCompile>
    <ClCompile Include="DirectInput.cpp">
      <Filter>Source Files</Filter>
    </ClCompile>
    <ClCompile Include="DirectSound.cpp">
      <Filter>Source Files</Filter>
    </ClCompile>
    <ClCompile Include="EmulatorDlg.cpp">
      <Filter>Source Files</Filter>
    </ClCompile>
    <ClCompile Include="EmuThread.cpp">
      <Filter>Source Files</Filter>
    </ClCompile>
    <ClCompile Include="FolderDlg.cpp">
      <Filter>Source Files</Filter>
    </ClCompile>
    <ClCompile Include="GraphicsDlg.cpp">
      <Filter>Source Files</Filter>
    </ClCompile>
    <ClCompile Include="LanguageDlg.cpp">
      <Filter>Source Files</Filter>
    </ClCompile>
    <ClCompile Include="LauncherDlg.cpp">
      <Filter>Source Files</Filter>
    </ClCompile>
    <ClCompile Include="MainFrame.cpp">
      <Filter>Source Files</Filter>
    </ClCompile>
    <ClCompile Include="MMTimer.cpp">
      <Filter>Source Files</Filter>
    </ClCompile>
    <ClCompile Include="MovieDlg.cpp">
      <Filter>Source Files</Filter>
    </ClCompile>
    <ClCompile Include="MovieInfoDlg.cpp">
      <Filter>Source Files</Filter>
    </ClCompile>
    <ClCompile Include="NetPlay.cpp">
      <Filter>Source Files</Filter>
    </ClCompile>
    <ClCompile Include="NetPlayDlg.cpp">
      <Filter>Source Files</Filter>
    </ClCompile>
    <ClCompile Include="Pathlib.cpp">
      <Filter>Source Files</Filter>
    </ClCompile>
    <ClCompile Include="Plugin.cpp">
      <Filter>Source Files</Filter>
    </ClCompile>
    <ClCompile Include="Recent.cpp">
      <Filter>Source Files</Filter>
    </ClCompile>
    <ClCompile Include="Registry.cpp">
      <Filter>Source Files</Filter>
    </ClCompile>
    <ClCompile Include="RomInfoDlg.cpp">
      <Filter>Source Files</Filter>
    </ClCompile>
    <ClCompile Include="ShortcutDlg.cpp">
      <Filter>Source Files</Filter>
    </ClCompile>
    <ClCompile Include="SoundDlg.cpp">
      <Filter>Source Files</Filter>
    </ClCompile>
    <ClCompile Include="WaveRec.cpp">
      <Filter>Source Files</Filter>
    </ClCompile>
    <ClCompile Include="WinMain.cpp">
      <Filter>Source Files</Filter>
    </ClCompile>
    <ClCompile Include="Wnd.cpp">
      <Filter>Source Files</Filter>
    </ClCompile>
    <ClCompile Include="WndHook.cpp">
      <Filter>Source Files</Filter>
    </ClCompile>
    <ClCompile Include="NES\Mapper\Mapper.cpp">
      <Filter>NES\Mapper</Filter>
    </ClCompile>
    <ClCompile Include="NES\Mapper\Mapper000.cpp">
      <Filter>NES\Mapper</Filter>
    </ClCompile>
    <ClCompile Include="NES\Mapper\Mapper001.cpp">
      <Filter>NES\Mapper</Filter>
    </ClCompile>
    <ClCompile Include="NES\Mapper\Mapper002.cpp">
      <Filter>NES\Mapper</Filter>
    </ClCompile>
    <ClCompile Include="NES\Mapper\Mapper003.cpp">
      <Filter>NES\Mapper</Filter>
    </ClCompile>
    <ClCompile Include="NES\Mapper\Mapper004.cpp">
      <Filter>NES\Mapper</Filter>
    </ClCompile>
    <ClCompile Include="NES\Mapper\Mapper005.cpp">
      <Filter>NES\Mapper</Filter>
    </ClCompile>
    <ClCompile Include="NES\Mapper\Mapper006.cpp">
      <Filter>NES\Mapper</Filter>
    </ClCompile>
    <ClCompile Include="NES\Mapper\Mapper007.cpp">
      <Filter>NES\Mapper</Filter>
    </ClCompile>
    <ClCompile Include="NES\Mapper\Mapper008.cpp">
      <Filter>NES\Mapper</Filter>
    </ClCompile>
    <ClCompile Include="NES\Mapper\Mapper009.cpp">
      <Filter>NES\Mapper</Filter>
    </ClCompile>
    <ClCompile Include="NES\Mapper\Mapper010.cpp">
      <Filter>NES\Mapper</Filter>
    </ClCompile>
    <ClCompile Include="NES\Mapper\Mapper011.cpp">
      <Filter>NES\Mapper</Filter>
    </ClCompile>
    <ClCompile Include="NES\Mapper\Mapper013.cpp">
      <Filter>NES\Mapper</Filter>
    </ClCompile>
    <ClCompile Include="NES\Mapper\Mapper015.cpp">
      <Filter>NES\Mapper</Filter>
    </ClCompile>
    <ClCompile Include="NES\Mapper\Mapper016.cpp">
      <Filter>NES\Mapper</Filter>
    </ClCompile>
    <ClCompile Include="NES\Mapper\Mapper017.cpp">
      <Filter>NES\Mapper</Filter>
    </ClCompile>
    <ClCompile Include="NES\Mapper\Mapper018.cpp">
      <Filter>NES\Mapper</Filter>
    </ClCompile>
    <ClCompile Include="NES\Mapper\Mapper019.cpp">
      <Filter>NES\Mapper</Filter>
    </ClCompile>
    <ClCompile Include="NES\Mapper\Mapper021.cpp">
      <Filter>NES\Mapper</Filter>
    </ClCompile>
    <ClCompile Include="NES\Mapper\Mapper022.cpp">
      <Filter>NES\Mapper</Filter>
    </ClCompile>
    <ClCompile Include="NES\Mapper\Mapper023.cpp">
      <Filter>NES\Mapper</Filter>
    </ClCompile>
    <ClCompile Include="NES\Mapper\Mapper024.cpp">
      <Filter>NES\Mapper</Filter>
    </ClCompile>
    <ClCompile Include="NES\Mapper\Mapper025.cpp">
      <Filter>NES\Mapper</Filter>
    </ClCompile>
    <ClCompile Include="NES\Mapper\Mapper026.cpp">
      <Filter>NES\Mapper</Filter>
    </ClCompile>
    <ClCompile Include="NES\Mapper\Mapper032.cpp">
      <Filter>NES\Mapper</Filter>
    </ClCompile>
    <ClCompile Include="NES\Mapper\Mapper033.cpp">
      <Filter>NES\Mapper</Filter>
    </ClCompile>
    <ClCompile Include="NES\Mapper\Mapper034.cpp">
      <Filter>NES\Mapper</Filter>
    </ClCompile>
    <ClCompile Include="NES\Mapper\Mapper040.cpp">
      <Filter>NES\Mapper</Filter>
    </ClCompile>
    <ClCompile Include="NES\Mapper\Mapper041.cpp">
      <Filter>NES\Mapper</Filter>
    </ClCompile>
    <ClCompile Include="NES\Mapper\Mapper042.cpp">
      <Filter>NES\Mapper</Filter>
    </ClCompile>
    <ClCompile Include="NES\Mapper\Mapper043.cpp">
      <Filter>NES\Mapper</Filter>
    </ClCompile>
    <ClCompile Include="NES\Mapper\Mapper048.cpp">
      <Filter>NES\Mapper</Filter>
    </ClCompile>
    <ClCompile Include="NES\Mapper\Mapper064.cpp">
      <Filter>NES\Mapper</Filter>
    </ClCompile>
    <ClCompile Include="NES\Mapper\Mapper065.cpp">
      <Filter>NES\Mapper</Filter>
    </ClCompile>
    <ClCompile Include="NES\Mapper\Mapper066.cpp">
      <Filter>NES\Mapper</Filter>
    </ClCompile>
    <ClCompile Include="NES\Mapper\Mapper067.cpp">
      <Filter>NES\Mapper</Filter>
    </ClCompile>
    <ClCompile Include="NES\Mapper\Mapper068.cpp">
      <Filter>NES\Mapper</Filter>
    </ClCompile>
    <ClCompile Include="NES\Mapper\Mapper069.cpp">
      <Filter>NES\Mapper</Filter>
    </ClCompile>
    <ClCompile Include="NES\Mapper\Mapper070.cpp">
      <Filter>NES\Mapper</Filter>
    </ClCompile>
    <ClCompile Include="NES\Mapper\Mapper071.cpp">
      <Filter>NES\Mapper</Filter>
    </ClCompile>
    <ClCompile Include="NES\Mapper\Mapper072.cpp">
      <Filter>NES\Mapper</Filter>
    </ClCompile>
    <ClCompile Include="NES\Mapper\Mapper073.cpp">
      <Filter>NES\Mapper</Filter>
    </ClCompile>
    <ClCompile Include="NES\Mapper\Mapper075.cpp">
      <Filter>NES\Mapper</Filter>
    </ClCompile>
    <ClCompile Include="NES\Mapper\Mapper076.cpp">
      <Filter>NES\Mapper</Filter>
    </ClCompile>
    <ClCompile Include="NES\Mapper\Mapper077.cpp">
      <Filter>NES\Mapper</Filter>
    </ClCompile>
    <ClCompile Include="NES\Mapper\Mapper078.cpp">
      <Filter>NES\Mapper</Filter>
    </ClCompile>
    <ClCompile Include="NES\Mapper\Mapper079.cpp">
      <Filter>NES\Mapper</Filter>
    </ClCompile>
    <ClCompile Include="NES\Mapper\Mapper080.cpp">
      <Filter>NES\Mapper</Filter>
    </ClCompile>
    <ClCompile Include="NES\Mapper\Mapper082.cpp">
      <Filter>NES\Mapper</Filter>
    </ClCompile>
    <ClCompile Include="NES\Mapper\Mapper083.cpp">
      <Filter>NES\Mapper</Filter>
    </ClCompile>
    <ClCompile Include="NES\Mapper\Mapper085.cpp">
      <Filter>NES\Mapper</Filter>
    </ClCompile>
    <ClCompile Include="NES\Mapper\Mapper086.cpp">
      <Filter>NES\Mapper</Filter>
    </ClCompile>
    <ClCompile Include="NES\Mapper\Mapper087.cpp">
      <Filter>NES\Mapper</Filter>
    </ClCompile>
    <ClCompile Include="NES\Mapper\Mapper088.cpp">
      <Filter>NES\Mapper</Filter>
    </ClCompile>
    <ClCompile Include="NES\Mapper\Mapper089.cpp">
      <Filter>NES\Mapper</Filter>
    </ClCompile>
    <ClCompile Include="NES\Mapper\Mapper092.cpp">
      <Filter>NES\Mapper</Filter>
    </ClCompile>
    <ClCompile Include="NES\Mapper\Mapper093.cpp">
      <Filter>NES\Mapper</Filter>
    </ClCompile>
    <ClCompile Include="NES\Mapper\Mapper094.cpp">
      <Filter>NES\Mapper</Filter>
    </ClCompile>
    <ClCompile Include="NES\Mapper\Mapper095.cpp">
      <Filter>NES\Mapper</Filter>
    </ClCompile>
    <ClCompile Include="NES\Mapper\Mapper096.cpp">
      <Filter>NES\Mapper</Filter>
    </ClCompile>
    <ClCompile Include="NES\Mapper\Mapper097.cpp">
      <Filter>NES\Mapper</Filter>
    </ClCompile>
    <ClCompile Include="NES\Mapper\Mapper100.cpp">
      <Filter>NES\Mapper</Filter>
    </ClCompile>
    <ClCompile Include="NES\Mapper\Mapper101.cpp">
      <Filter>NES\Mapper</Filter>
    </ClCompile>
    <ClCompile Include="NES\Mapper\Mapper107.cpp">
      <Filter>NES\Mapper</Filter>
    </ClCompile>
    <ClCompile Include="NES\Mapper\Mapper118.cpp">
      <Filter>NES\Mapper</Filter>
    </ClCompile>
    <ClCompile Include="NES\Mapper\Mapper119.cpp">
      <Filter>NES\Mapper</Filter>
    </ClCompile>
    <ClCompile Include="NES\Mapper\Mapper122.cpp">
      <Filter>NES\Mapper</Filter>
    </ClCompile>
    <ClCompile Include="NES\Mapper\Mapper180.cpp">
      <Filter>NES\Mapper</Filter>
    </ClCompile>
    <ClCompile Include="NES\Mapper\Mapper185.cpp">
      <Filter>NES\Mapper</Filter>
    </ClCompile>
    <ClCompile Include="NES\Mapper\Mapper188.cpp">
      <Filter>NES\Mapper</Filter>
    </ClCompile>
    <ClCompile Include="NES\Mapper\Mapper189.cpp">
      <Filter>NES\Mapper</Filter>
    </ClCompile>
    <ClCompile Include="NES\Mapper\MapperFDS.cpp">
      <Filter>NES\Mapper</Filter>
    </ClCompile>
    <ClCompile Include="NES\Mapper\MapperNSF.cpp">
      <Filter>NES\Mapper</Filter>
    </ClCompile>
    <ClCompile Include="NES\ApuEX\APU_FDS.cpp">
      <Filter>NES\ApuEx</Filter>
    </ClCompile>
    <ClCompile Include="NES\ApuEX\APU_FME7.cpp">
      <Filter>NES\ApuEx</Filter>
    </ClCompile>
    <ClCompile Include="NES\ApuEX\APU_INTERNAL.cpp">
      <Filter>NES\ApuEx</Filter>
    </ClCompile>
    <ClCompile Include="NES\ApuEX\APU_MMC5.cpp">
      <Filter>NES\ApuEx</Filter>
    </ClCompile>
    <ClCompile Include="NES\ApuEX\APU_N106.cpp">
      <Filter>NES\ApuEx</Filter>
    </ClCompile>
    <ClCompile Include="NES\ApuEX\APU_VRC6.cpp">
      <Filter>NES\ApuEx</Filter>
    </ClCompile>
    <ClCompile Include="NES\ApuEX\APU_VRC7.cpp">
      <Filter>NES\ApuEx</Filter>
    </ClCompile>
    <ClCompile Include="NES\ApuEX\emu2413.c">
      <Filter>NES\ApuEx</Filter>
    </ClCompile>
    <ClCompile Include="NES\PadEX\EXPAD_CrazyClimber.cpp">
      <Filter>NES\PadEx</Filter>
    </ClCompile>
    <ClCompile Include="NES\PadEX\EXPAD_HyperShot.cpp">
      <Filter>NES\PadEx</Filter>
    </ClCompile>
    <ClCompile Include="NES\PadEX\EXPAD_Keyboard.cpp">
      <Filter>NES\PadEx</Filter>
    </ClCompile>
    <ClCompile Include="NES\PadEX\EXPAD_Paddle.cpp">
      <Filter>NES\PadEx</Filter>
    </ClCompile>
    <ClCompile Include="NES\PadEX\EXPAD_SpaceShadowGun.cpp">
      <Filter>NES\PadEx</Filter>
    </ClCompile>
    <ClCompile Include="NES\PadEX\EXPAD_Toprider.cpp">
      <Filter>NES\PadEx</Filter>
    </ClCompile>
    <ClCompile Include="NES\PadEX\EXPAD_Zapper.cpp">
      <Filter>NES\PadEx</Filter>
    </ClCompile>
    <ClCompile Include="NES\APU.cpp">
      <Filter>NES</Filter>
    </ClCompile>
    <ClCompile Include="NES\Cpu.cpp">
      <Filter>NES</Filter>
    </ClCompile>
    <ClCompile Include="NES\MMU.cpp">
      <Filter>NES</Filter>
    </ClCompile>
    <ClCompile Include="NES\Nes.cpp">
      <Filter>NES</Filter>
    </ClCompile>
    <ClCompile Include="NES\PAD.cpp">
      <Filter>NES</Filter>
    </ClCompile>
    <ClCompile Include="NES\PPU.cpp">
      <Filter>NES</Filter>
    </ClCompile>
    <ClCompile Include="NES\ROM.cpp">
      <Filter>NES</Filter>
    </ClCompile>
    <ClCompile Include="NES\ROM_Patch.cpp">
      <Filter>NES</Filter>
    </ClCompile>
  </ItemGroup>
  <ItemGroup>
    <ResourceCompile Include="VirtuaNES.rc">
      <Filter>Source Files</Filter>
    </ResourceCompile>
  </ItemGroup>
  <ItemGroup>
    <ClInclude Include="AboutDlg.h">
      <Filter>Header Files</Filter>
    </ClInclude>
    <ClInclude Include="App.h">
      <Filter>Header Files</Filter>
    </ClInclude>
    <ClInclude Include="CheatDlg.h">
      <Filter>Header Files</Filter>
    </ClInclude>
    <ClInclude Include="Com.h">
      <Filter>Header Files</Filter>
    </ClInclude>
    <ClInclude Include="Config.h">
      <Filter>Header Files</Filter>
    </ClInclude>
    <ClInclude Include="ControllerDlg.h">
      <Filter>Header Files</Filter>
    </ClInclude>
    <ClInclude Include="Crclib.h">
      <Filter>Header Files</Filter>
    </ClInclude>
    <ClInclude Include="DebugOut.h">
      <Filter>Header Files</Filter>
    </ClInclude>
    <ClInclude Include="DirectDraw.h">
      <Filter>Header Files</Filter>
    </ClInclude>
    <ClInclude Include="DirectInput.h">
      <Filter>Header Files</Filter>
    </ClInclude>
    <ClInclude Include="DirectSound.h">
      <Filter>Header Files</Filter>
    </ClInclude>
    <ClInclude Include="EmulatorDlg.h">
      <Filter>Header Files</Filter>
    </ClInclude>
    <ClInclude Include="EmuThread.h">
      <Filter>Header Files</Filter>
    </ClInclude>
    <ClInclude Include="FolderDlg.h">
      <Filter>Header Files</Filter>
    </ClInclude>
    <ClInclude Include="GraphicsDlg.h">
      <Filter>Header Files</Filter>
    </ClInclude>
    <ClInclude Include="LanguageDlg.h">
      <Filter>Header Files</Filter>
    </ClInclude>
    <ClInclude Include="LauncherDlg.h">
      <Filter>Header Files</Filter>
    </ClInclude>
    <ClInclude Include="lzAscii.h">
      <Filter>Header Files</Filter>
    </ClInclude>
    <ClInclude Include="lzSight.h">
      <Filter>Header Files</Filter>
    </ClInclude>
    <ClInclude Include="lzTVlayer.h">
      <Filter>Header Files</Filter>
    </ClInclude>
    <ClInclude Include="Macro.h">
      <Filter>Header Files</Filter>
    </ClInclude>
    <ClInclude Include="MainFrame.h">
      <Filter>Header Files</Filter>
    </ClInclude>
    <ClInclude Include="MMTimer.h">
      <Filter>Header Files</Filter>
    </ClInclude>
    <ClInclude Include="MovieDlg.h">
      <Filter>Header Files</Filter>
    </ClInclude>
    <ClInclude Include="MovieInfoDlg.h">
      <Filter>Header Files</Filter>
    </ClInclude>
    <ClInclude Include="NetPlay.h">
      <Filter>Header Files</Filter>
    </ClInclude>
    <ClInclude Include="NetPlayDlg.h">
      <Filter>Header Files</Filter>
    </ClInclude>
    <ClInclude Include="Pathlib.h">
      <Filter>Header Files</Filter>
    </ClInclude>
    <ClInclude Include="Plugin.h">
      <Filter>Header Files</Filter>
    </ClInclude>
    <ClInclude Include="Recent.h">
      <Filter>Header Files</Filter>
    </ClInclude>
    <ClInclude Include="Registry.h">
      <Filter>Header Files</Filter>
    </ClInclude>
    <ClInclude Include="resource.h">
      <Filter>Header Files</Filter>
    </ClInclude>
    <ClInclude Include="RomInfoDlg.h">
      <Filter>Header Files</Filter>
    </ClInclude>
    <ClInclude Include="ShortcutDlg.h">
      <Filter>Header Files</Filter>
    </ClInclude>
    <ClInclude Include="SoundDlg.h">
      <Filter>Header Files</Filter>
    </ClInclude>
    <ClInclude Include="Typedef.h">
      <Filter>Header Files</Filter>
    </ClInclude>
    <ClInclude Include="VirtuaNESres.h">
      <Filter>Header Files</Filter>
    </ClInclude>
    <ClInclude Include="WaveRec.h">
      <Filter>Header Files</Filter>
    </ClInclude>
    <ClInclude Include="Wnd.h">
      <Filter>Header Files</Filter>
    </ClInclude>
    <ClInclude Include="WndHook.h">
      <Filter>Header Files</Filter>
    </ClInclude>
    <ClInclude Include="NES\Mapper\Mapper.h">
      <Filter>NES\Mapper</Filter>
    </ClInclude>
    <ClInclude Include="NES\Mapper\Mapper000.h">
      <Filter>NES\Mapper</Filter>
    </ClInclude>
    <ClInclude Include="NES\Mapper\Mapper001.h">
      <Filter>NES\Mapper</Filter>
    </ClInclude>
    <ClInclude Include="NES\Mapper\Mapper002.h">
      <Filter>NES\Mapper</Filter>
    </ClInclude>
    <ClInclude Include="NES\Mapper\Mapper003.h">
      <Filter>NES\Mapper</Filter>
    </ClInclude>
    <ClInclude Include="NES\Mapper\Mapper004.h">
      <Filter>NES\Mapper</Filter>
    </ClInclude>
    <ClInclude Include="NES\Mapper\Mapper005.h">
      <Filter>NES\Mapper</Filter>
    </ClInclude>
    <ClInclude Include="NES\Mapper\Mapper006.h">
      <Filter>NES\Mapper</Filter>
    </ClInclude>
    <ClInclude Include="NES\Mapper\Mapper007.h">
      <Filter>NES\Mapper</Filter>
    </ClInclude>
    <ClInclude Include="NES\Mapper\Mapper008.h">
      <Filter>NES\Mapper</Filter>
    </ClInclude>
    <ClInclude Include="NES\Mapper\Mapper009.h">
      <Filter>NES\Mapper</Filter>
    </ClInclude>
    <ClInclude Include="NES\Mapper\Mapper010.h">
      <Filter>NES\Mapper</Filter>
    </ClInclude>
    <ClInclude Include="NES\Mapper\Mapper011.h">
      <Filter>NES\Mapper</Filter>
    </ClInclude>
    <ClInclude Include="NES\Mapper\Mapper013.h">
      <Filter>NES\Mapper</Filter>
    </ClInclude>
    <ClInclude Include="NES\Mapper\Mapper015.h">
      <Filter>NES\Mapper</Filter>
    </ClInclude>
    <ClInclude Include="NES\Mapper\Mapper016.h">
      <Filter>NES\Mapper</Filter>
    </ClInclude>
    <ClInclude Include="NES\Mapper\Mapper017.h">
      <Filter>NES\Mapper</Filter>
    </ClInclude>
    <ClInclude Include="NES\Mapper\Mapper018.h">
      <Filter>NES\Mapper</Filter>
    </ClInclude>
    <ClInclude Include="NES\Mapper\Mapper019.h">
      <Filter>NES\Mapper</Filter>
    </ClInclude>
    <ClInclude Include="NES\Mapper\Mapper021.h">
      <Filter>NES\Mapper</Filter>
    </ClInclude>
    <ClInclude Include="NES\Mapper\Mapper022.h">
      <Filter>NES\Mapper</Filter>
    </ClInclude>
    <ClInclude Include="NES\Mapper\Mapper023.h">
      <Filter>NES\Mapper</Filter>
    </ClInclude>
    <ClInclude Include="NES\Mapper\Mapper024.h">
      <Filter>NES\Mapper</Filter>
    </ClInclude>
    <ClInclude Include="NES\Mapper\Mapper025.h">
      <Filter>NES\Mapper</Filter>
    </ClInclude>
    <ClInclude Include="NES\Mapper\Mapper026.h">
      <Filter>NES\Mapper</Filter>
    </ClInclude>
    <ClInclude Include="NES\Mapper\Mapper032.h">
      <Filter>NES\Mapper</Filter>
    </ClInclude>
    <ClInclude Include="NES\Mapper\Mapper033.h">
      <Filter>NES\Mapper</Filter>
    </ClInclude>
    <ClInclude Include="NES\Mapper\Mapper034.h">
      <Filter>NES\Mapper</Filter>
    </ClInclude>
    <ClInclude Include="NES\Mapper\Mapper040.h">
      <Filter>NES\Mapper</Filter>
    </ClInclude>
    <ClInclude Include="NES\Mapper\Mapper041.h">
      <Filter>NES\Mapper</Filter>
    </ClInclude>
    <ClInclude Include="NES\Mapper\Mapper042.h">
      <Filter>NES\Mapper</Filter>
    </ClInclude>
    <ClInclude Include="NES\Mapper\Mapper043.h">
      <Filter>NES\Mapper</Filter>
    </ClInclude>
    <ClInclude Include="NES\Mapper\Mapper048.h">
      <Filter>NES\Mapper</Filter>
    </ClInclude>
    <ClInclude Include="NES\Mapper\Mapper064.h">
      <Filter>NES\Mapper</Filter>
    </ClInclude>
    <ClInclude Include="NES\Mapper\Mapper065.h">
      <Filter>NES\Mapper</Filter>
    </ClInclude>
    <ClInclude Include="NES\Mapper\Mapper066.h">
      <Filter>NES\Mapper</Filter>
    </ClInclude>
    <ClInclude Include="NES\Mapper\Mapper067.h">
      <Filter>NES\Mapper</Filter>
    </ClInclude>
    <ClInclude Include="NES\Mapper\Mapper068.h">
      <Filter>NES\Mapper</Filter>
    </ClInclude>
    <ClInclude Include="NES\Mapper\Mapper069.h">
      <Filter>NES\Mapper</Filter>
    </ClInclude>
    <ClInclude Include="NES\Mapper\Mapper070.h">
      <Filter>NES\Mapper</Filter>
    </ClInclude>
    <ClInclude Include="NES\Mapper\Mapper071.h">
      <Filter>NES\Mapper</Filter>
    </ClInclude>
    <ClInclude Include="NES\Mapper\Mapper072.h">
      <Filter>NES\Mapper</Filter>
    </ClInclude>
    <ClInclude Include="NES\Mapper\Mapper073.h">
      <Filter>NES\Mapper</Filter>
    </ClInclude>
    <ClInclude Include="NES\Mapper\Mapper075.h">
      <Filter>NES\Mapper</Filter>
    </ClInclude>
    <ClInclude Include="NES\Mapper\Mapper076.h">
      <Filter>NES\Mapper</Filter>
    </ClInclude>
    <ClInclude Include="NES\Mapper\Mapper077.h">
      <Filter>NES\Mapper</Filter>
    </ClInclude>
    <ClInclude Include="NES\Mapper\Mapper078.h">
      <Filter>NES\Mapper</Filter>
    </ClInclude>
    <ClInclude Include="NES\Mapper\Mapper079.h">
      <Filter>NES\Mapper</Filter>
    </ClInclude>
    <ClInclude Include="NES\Mapper\Mapper080.h">
      <Filter>NES\Mapper</Filter>
    </ClInclude>
    <ClInclude Include="NES\Mapper\Mapper082.h">
      <Filter>NES\Mapper</Filter>
    </ClInclude>
    <ClInclude Include="NES\Mapper\Mapper083.h">
      <Filter>NES\Mapper</Filter>
    </ClInclude>
    <ClInclude Include="NES\Mapper\Mapper085.h">
      <Filter>NES\Mapper</Filter>
    </ClInclude>
    <ClInclude Include="NES\Mapper\Mapper086.h">
      <Filter>NES\Mapper</Filter>
    </ClInclude>
    <ClInclude Include="NES\Mapper\Mapper087.h">
      <Filter>NES\Mapper</Filter>
    </ClInclude>
    <ClInclude Include="NES\Mapper\Mapper088.h">
      <Filter>NES\Mapper</Filter>
    </ClInclude>
    <ClInclude Include="NES\Mapper\Mapper089.h">
      <Filter>NES\Mapper</Filter>
    </ClInclude>
    <ClInclude Include="NES\Mapper\Mapper092.h">
      <Filter>NES\Mapper</Filter>
    </ClInclude>
    <ClInclude Include="NES\Mapper\Mapper093.h">
      <Filter>NES\Mapper</Filter>
    </ClInclude>
    <ClInclude Include="NES\Mapper\Mapper094.h">
      <Filter>NES\Mapper</Filter>
    </ClInclude>
    <ClInclude Include="NES\Mapper\Mapper095.h">
      <Filter>NES\Mapper</Filter>
    </ClInclude>
    <ClInclude Include="NES\Mapper\Mapper096.h">
      <Filter>NES\Mapper</Filter>
    </ClInclude>
    <ClInclude Include="NES\Mapper\Mapper097.h">
      <Filter>NES\Mapper</Filter>
    </ClInclude>
    <ClInclude Include="NES\Mapper\Mapper100.h">
      <Filter>NES\Mapper</Filter>
    </ClInclude>
    <ClInclude Include="NES\Mapper\Mapper101.h">
      <Filter>NES\Mapper</Filter>
    </ClInclude>
    <ClInclude Include="NES\Mapper\Mapper107.h">
      <Filter>NES\Mapper</Filter>
    </ClInclude>
    <ClInclude Include="NES\Mapper\Mapper118.h">
      <Filter>NES\Mapper</Filter>
    </ClInclude>
    <ClInclude Include="NES\Mapper\Mapper119.h">
      <Filter>NES\Mapper</Filter>
    </ClInclude>
    <ClInclude Include="NES\Mapper\Mapper122.h">
      <Filter>NES\Mapper</Filter>
    </ClInclude>
    <ClInclude Include="NES\Mapper\Mapper180.h">
      <Filter>NES\Mapper</Filter>
    </ClInclude>
    <ClInclude Include="NES\Mapper\Mapper185.h">
      <Filter>NES\Mapper</Filter>
    </ClInclude>
    <ClInclude Include="NES\Mapper\Mapper188.h">
      <Filter>NES\Mapper</Filter>
    </ClInclude>
    <ClInclude Include="NES\Mapper\Mapper189.h">
      <Filter>NES\Mapper</Filter>
    </ClInclude>
    <ClInclude Include="NES\Mapper\MapperFDS.h">
      <Filter>NES\Mapper</Filter>
    </ClInclude>
    <ClInclude Include="NES\Mapper\MapperNSF.h">
      <Filter>NES\Mapper</Filter>
    </ClInclude>
    <ClInclude Include="NES\ApuEX\2413tone.h">
      <Filter>NES\ApuEx</Filter>
    </ClInclude>
    <ClInclude Include="NES\ApuEX\APU_FDS.h">
      <Filter>NES\ApuEx</Filter>
    </ClInclude>
    <ClInclude Include="NES\ApuEX\APU_FME7.h">
      <Filter>NES\ApuEx</Filter>
    </ClInclude>
    <ClInclude Include="NES\ApuEX\APU_INTERFACE.h">
      <Filter>NES\ApuEx</Filter>
    </ClInclude>
    <ClInclude Include="NES\ApuEX\APU_INTERNAL.h">
      <Filter>NES\ApuEx</Filter>
    </ClInclude>
    <ClInclude Include="NES\ApuEX\APU_MMC5.h">
      <Filter>NES\ApuEx</Filter>
    </ClInclude>
    <ClInclude Include="NES\ApuEX\APU_N106.h">
      <Filter>NES\ApuEx</Filter>
    </ClInclude>
    <ClInclude Include="NES\ApuEX\APU_VRC6.h">
      <Filter>NES\ApuEx</Filter>
    </ClInclude>
    <ClInclude Include="NES\ApuEX\APU_VRC7.h">
      <Filter>NES\ApuEx</Filter>
    </ClInclude>
    <ClInclude Include="NES\ApuEX\emu2413.h">
      <Filter>NES\ApuEx</Filter>
    </ClInclude>
    <ClInclude Include="NES\ApuEX\FDSplugin.h">
      <Filter>NES\ApuEx</Filter>
    </ClInclude>
    <ClInclude Include="NES\ApuEX\vrc7tone.h">
      <Filter>NES\ApuEx</Filter>
    </ClInclude>
    <ClInclude Include="NES\PadEX\EXPAD.h">
      <Filter>NES\PadEx</Filter>
    </ClInclude>
    <ClInclude Include="NES\PadEX\EXPAD_CrazyClimber.h">
      <Filter>NES\PadEx</Filter>
    </ClInclude>
    <ClInclude Include="NES\PadEX\EXPAD_HyperShot.h">
      <Filter>NES\PadEx</Filter>
    </ClInclude>
    <ClInclude Include="NES\PadEX\EXPAD_Keyboard.h">
      <Filter>NES\PadEx</Filter>
    </ClInclude>
    <ClInclude Include="NES\PadEX\EXPAD_Paddle.h">
      <Filter>NES\PadEx</Filter>
    </ClInclude>
    <ClInclude Include="NES\PadEX\EXPAD_SpaceShadowGun.h">
      <Filter>NES\PadEx</Filter>
    </ClInclude>
    <ClInclude Include="NES\PadEX\EXPAD_Toprider.h">
      <Filter>NES\PadEx</Filter>
    </ClInclude>
    <ClInclude Include="NES\PadEX\EXPAD_Zapper.h">
      <Filter>NES\PadEx</Filter>
    </ClInclude>
    <ClInclude Include="NES\APU.h">
      <Filter>NES</Filter>
    </ClInclude>
    <ClInclude Include="NES\Cheat.h">
      <Filter>NES</Filter>
    </ClInclude>
    <ClInclude Include="NES\CPU.h">
      <Filter>NES</Filter>
    </ClInclude>
    <ClInclude Include="NES\MMU.h">
      <Filter>NES</Filter>
    </ClInclude>
    <ClInclude Include="NES\Nes.h">
      <Filter>NES</Filter>
    </ClInclude>
    <ClInclude Include="NES\PAD.h">
      <Filter>NES</Filter>
    </ClInclude>
    <ClInclude Include="NES\PPU.h">
      <Filter>NES</Filter>
    </ClInclude>
    <ClInclude Include="NES\ROM.h">
      <Filter>NES</Filter>
    </ClInclude>
    <ClInclude Include="NES\State.h">
      <Filter>NES</Filter>
    </ClInclude>
  </ItemGroup>
  <ItemGroup>
    <Image Include="CheatImageList.bmp">
      <Filter>Resource Files</Filter>
    </Image>
    <Image Include="VirtuaNES.ico">
      <Filter>Resource Files</Filter>
    </Image>
  </ItemGroup>
</Project>